// !$*UTF8*$!
{
	archiveVersion = 1;
	classes = {
	};
	objectVersion = 46;
	objects = {

/* Begin PBXBuildFile section */
		6367FEE61F9A23AA003F2D25 /* AppDelegate.swift in Sources */ = {isa = PBXBuildFile; fileRef = 6367FEE51F9A23AA003F2D25 /* AppDelegate.swift */; };
		6367FEE81F9A23AA003F2D25 /* ViewController.swift in Sources */ = {isa = PBXBuildFile; fileRef = 6367FEE71F9A23AA003F2D25 /* ViewController.swift */; };
		6367FEEB1F9A23AA003F2D25 /* Main.storyboard in Resources */ = {isa = PBXBuildFile; fileRef = 6367FEE91F9A23AA003F2D25 /* Main.storyboard */; };
		6367FEED1F9A23AA003F2D25 /* Assets.xcassets in Resources */ = {isa = PBXBuildFile; fileRef = 6367FEEC1F9A23AA003F2D25 /* Assets.xcassets */; };
		6367FEF01F9A23AA003F2D25 /* LaunchScreen.storyboard in Resources */ = {isa = PBXBuildFile; fileRef = 6367FEEE1F9A23AA003F2D25 /* LaunchScreen.storyboard */; };
		63E745131F4D9BE000DFAAFB /* AppDelegate.swift in Sources */ = {isa = PBXBuildFile; fileRef = 63E745121F4D9BE000DFAAFB /* AppDelegate.swift */; };
		63E745151F4D9BE000DFAAFB /* ViewController.swift in Sources */ = {isa = PBXBuildFile; fileRef = 63E745141F4D9BE000DFAAFB /* ViewController.swift */; };
		63E745181F4D9BE000DFAAFB /* Main.storyboard in Resources */ = {isa = PBXBuildFile; fileRef = 63E745161F4D9BE000DFAAFB /* Main.storyboard */; };
		63E7451A1F4D9BE000DFAAFB /* Assets.xcassets in Resources */ = {isa = PBXBuildFile; fileRef = 63E745191F4D9BE000DFAAFB /* Assets.xcassets */; };
		9B7DF088249CEE09051EA751 /* Pods_WebServerTestiOS.framework in Frameworks */ = {isa = PBXBuildFile; fileRef = 7B515387F46022468988E28E /* Pods_WebServerTestiOS.framework */; };
		A423813FE8EA6E0DEAA6BEEA /* Pods_WebServerTest.framework in Frameworks */ = {isa = PBXBuildFile; fileRef = 1789BEFF7095EC80FDF5D3DD /* Pods_WebServerTest.framework */; };
/* End PBXBuildFile section */

/* Begin PBXFileReference section */
		1789BEFF7095EC80FDF5D3DD /* Pods_WebServerTest.framework */ = {isa = PBXFileReference; explicitFileType = wrapper.framework; includeInIndex = 0; path = Pods_WebServerTest.framework; sourceTree = BUILT_PRODUCTS_DIR; };
		20A20CB6AC9A68C692C69576 /* Pods-WebServerTest.release.xcconfig */ = {isa = PBXFileReference; includeInIndex = 1; lastKnownFileType = text.xcconfig; name = "Pods-WebServerTest.release.xcconfig"; path = "Pods/Target Support Files/Pods-WebServerTest/Pods-WebServerTest.release.xcconfig"; sourceTree = "<group>"; };
		226BF094A0B79684ADBDAA05 /* Pods-WebServerTestiOS.debug.xcconfig */ = {isa = PBXFileReference; includeInIndex = 1; lastKnownFileType = text.xcconfig; name = "Pods-WebServerTestiOS.debug.xcconfig"; path = "Pods/Target Support Files/Pods-WebServerTestiOS/Pods-WebServerTestiOS.debug.xcconfig"; sourceTree = "<group>"; };
		33DB2C0A0F6728C8B3CC9530 /* Pods-WebServerTestiOS.release.xcconfig */ = {isa = PBXFileReference; includeInIndex = 1; lastKnownFileType = text.xcconfig; name = "Pods-WebServerTestiOS.release.xcconfig"; path = "Pods/Target Support Files/Pods-WebServerTestiOS/Pods-WebServerTestiOS.release.xcconfig"; sourceTree = "<group>"; };
		472E011A76D74D20AF854224 /* Pods-WebServerTest.debug.xcconfig */ = {isa = PBXFileReference; includeInIndex = 1; lastKnownFileType = text.xcconfig; name = "Pods-WebServerTest.debug.xcconfig"; path = "Pods/Target Support Files/Pods-WebServerTest/Pods-WebServerTest.debug.xcconfig"; sourceTree = "<group>"; };
		6367FEE31F9A23AA003F2D25 /* WebServerTestiOS.app */ = {isa = PBXFileReference; explicitFileType = wrapper.application; includeInIndex = 0; path = WebServerTestiOS.app; sourceTree = BUILT_PRODUCTS_DIR; };
		6367FEE51F9A23AA003F2D25 /* AppDelegate.swift */ = {isa = PBXFileReference; lastKnownFileType = sourcecode.swift; path = AppDelegate.swift; sourceTree = "<group>"; };
		6367FEE71F9A23AA003F2D25 /* ViewController.swift */ = {isa = PBXFileReference; lastKnownFileType = sourcecode.swift; path = ViewController.swift; sourceTree = "<group>"; };
		6367FEEA1F9A23AA003F2D25 /* Base */ = {isa = PBXFileReference; lastKnownFileType = file.storyboard; name = Base; path = Base.lproj/Main.storyboard; sourceTree = "<group>"; };
		6367FEEC1F9A23AA003F2D25 /* Assets.xcassets */ = {isa = PBXFileReference; lastKnownFileType = folder.assetcatalog; path = Assets.xcassets; sourceTree = "<group>"; };
		6367FEEF1F9A23AA003F2D25 /* Base */ = {isa = PBXFileReference; lastKnownFileType = file.storyboard; name = Base; path = Base.lproj/LaunchScreen.storyboard; sourceTree = "<group>"; };
		6367FEF11F9A23AA003F2D25 /* Info.plist */ = {isa = PBXFileReference; lastKnownFileType = text.plist.xml; path = Info.plist; sourceTree = "<group>"; };
		63E7450F1F4D9BE000DFAAFB /* WebServerTest.app */ = {isa = PBXFileReference; explicitFileType = wrapper.application; includeInIndex = 0; path = WebServerTest.app; sourceTree = BUILT_PRODUCTS_DIR; };
		63E745121F4D9BE000DFAAFB /* AppDelegate.swift */ = {isa = PBXFileReference; lastKnownFileType = sourcecode.swift; path = AppDelegate.swift; sourceTree = "<group>"; };
		63E745141F4D9BE000DFAAFB /* ViewController.swift */ = {isa = PBXFileReference; lastKnownFileType = sourcecode.swift; path = ViewController.swift; sourceTree = "<group>"; };
		63E745171F4D9BE000DFAAFB /* Base */ = {isa = PBXFileReference; lastKnownFileType = file.storyboard; name = Base; path = Base.lproj/Main.storyboard; sourceTree = "<group>"; };
		63E745191F4D9BE000DFAAFB /* Assets.xcassets */ = {isa = PBXFileReference; lastKnownFileType = folder.assetcatalog; path = Assets.xcassets; sourceTree = "<group>"; };
		63E7451B1F4D9BE000DFAAFB /* Info.plist */ = {isa = PBXFileReference; lastKnownFileType = text.plist.xml; path = Info.plist; sourceTree = "<group>"; };
		7B515387F46022468988E28E /* Pods_WebServerTestiOS.framework */ = {isa = PBXFileReference; explicitFileType = wrapper.framework; includeInIndex = 0; path = Pods_WebServerTestiOS.framework; sourceTree = BUILT_PRODUCTS_DIR; };
		F3321C3B5448BAB0C05B3FDC /* Pods_WebServerTestUITests.framework */ = {isa = PBXFileReference; explicitFileType = wrapper.framework; includeInIndex = 0; path = Pods_WebServerTestUITests.framework; sourceTree = BUILT_PRODUCTS_DIR; };
/* End PBXFileReference section */

/* Begin PBXFrameworksBuildPhase section */
		6367FEE01F9A23AA003F2D25 /* Frameworks */ = {
			isa = PBXFrameworksBuildPhase;
			buildActionMask = 2147483647;
			files = (
				9B7DF088249CEE09051EA751 /* Pods_WebServerTestiOS.framework in Frameworks */,
			);
			runOnlyForDeploymentPostprocessing = 0;
		};
		63E7450C1F4D9BE000DFAAFB /* Frameworks */ = {
			isa = PBXFrameworksBuildPhase;
			buildActionMask = 2147483647;
			files = (
				A423813FE8EA6E0DEAA6BEEA /* Pods_WebServerTest.framework in Frameworks */,
			);
			runOnlyForDeploymentPostprocessing = 0;
		};
/* End PBXFrameworksBuildPhase section */

/* Begin PBXGroup section */
		527CECE8C9360C4C1B5F29C6 /* Pods */ = {
			isa = PBXGroup;
			children = (
				472E011A76D74D20AF854224 /* Pods-WebServerTest.debug.xcconfig */,
				20A20CB6AC9A68C692C69576 /* Pods-WebServerTest.release.xcconfig */,
				226BF094A0B79684ADBDAA05 /* Pods-WebServerTestiOS.debug.xcconfig */,
				33DB2C0A0F6728C8B3CC9530 /* Pods-WebServerTestiOS.release.xcconfig */,
			);
			name = Pods;
			sourceTree = "<group>";
		};
		572AB1393761ABB7F7711B6A /* Frameworks */ = {
			isa = PBXGroup;
			children = (
				1789BEFF7095EC80FDF5D3DD /* Pods_WebServerTest.framework */,
				F3321C3B5448BAB0C05B3FDC /* Pods_WebServerTestUITests.framework */,
				7B515387F46022468988E28E /* Pods_WebServerTestiOS.framework */,
			);
			name = Frameworks;
			sourceTree = "<group>";
		};
		6367FEE41F9A23AA003F2D25 /* WebServerTestiOS */ = {
			isa = PBXGroup;
			children = (
				6367FEE51F9A23AA003F2D25 /* AppDelegate.swift */,
				6367FEE71F9A23AA003F2D25 /* ViewController.swift */,
				6367FEE91F9A23AA003F2D25 /* Main.storyboard */,
				6367FEEC1F9A23AA003F2D25 /* Assets.xcassets */,
				6367FEEE1F9A23AA003F2D25 /* LaunchScreen.storyboard */,
				6367FEF11F9A23AA003F2D25 /* Info.plist */,
			);
			path = WebServerTestiOS;
			sourceTree = "<group>";
		};
		63E745061F4D9BE000DFAAFB = {
			isa = PBXGroup;
			children = (
				63E745111F4D9BE000DFAAFB /* WebServerTest */,
				6367FEE41F9A23AA003F2D25 /* WebServerTestiOS */,
				63E745101F4D9BE000DFAAFB /* Products */,
				527CECE8C9360C4C1B5F29C6 /* Pods */,
				572AB1393761ABB7F7711B6A /* Frameworks */,
			);
			sourceTree = "<group>";
		};
		63E745101F4D9BE000DFAAFB /* Products */ = {
			isa = PBXGroup;
			children = (
				63E7450F1F4D9BE000DFAAFB /* WebServerTest.app */,
				6367FEE31F9A23AA003F2D25 /* WebServerTestiOS.app */,
			);
			name = Products;
			sourceTree = "<group>";
		};
		63E745111F4D9BE000DFAAFB /* WebServerTest */ = {
			isa = PBXGroup;
			children = (
				63E745121F4D9BE000DFAAFB /* AppDelegate.swift */,
				63E745141F4D9BE000DFAAFB /* ViewController.swift */,
				63E745161F4D9BE000DFAAFB /* Main.storyboard */,
				63E745191F4D9BE000DFAAFB /* Assets.xcassets */,
				63E7451B1F4D9BE000DFAAFB /* Info.plist */,
			);
			path = WebServerTest;
			sourceTree = "<group>";
		};
/* End PBXGroup section */

/* Begin PBXNativeTarget section */
		6367FEE21F9A23AA003F2D25 /* WebServerTestiOS */ = {
			isa = PBXNativeTarget;
			buildConfigurationList = 6367FEF21F9A23AA003F2D25 /* Build configuration list for PBXNativeTarget "WebServerTestiOS" */;
			buildPhases = (
				26D8B87538C351486E52BF20 /* [CP] Check Pods Manifest.lock */,
				6367FEDF1F9A23AA003F2D25 /* Sources */,
				6367FEE01F9A23AA003F2D25 /* Frameworks */,
				6367FEE11F9A23AA003F2D25 /* Resources */,
				0B53BC7B7FD09122C280C3DA /* [CP] Embed Pods Frameworks */,
				A1E1CA1950AEC733134D3044 /* [CP] Copy Pods Resources */,
			);
			buildRules = (
			);
			dependencies = (
			);
			name = WebServerTestiOS;
			productName = WebServerTestiOS;
			productReference = 6367FEE31F9A23AA003F2D25 /* WebServerTestiOS.app */;
			productType = "com.apple.product-type.application";
		};
		63E7450E1F4D9BE000DFAAFB /* WebServerTest */ = {
			isa = PBXNativeTarget;
			buildConfigurationList = 63E745291F4D9BE000DFAAFB /* Build configuration list for PBXNativeTarget "WebServerTest" */;
			buildPhases = (
				142516D307B3916CF31C3755 /* [CP] Check Pods Manifest.lock */,
				63E7450B1F4D9BE000DFAAFB /* Sources */,
				63E7450C1F4D9BE000DFAAFB /* Frameworks */,
				63E7450D1F4D9BE000DFAAFB /* Resources */,
				748FB7E8FB6E99DBDD4BAD8F /* [CP] Embed Pods Frameworks */,
				E96A342DD9C98ED3D2D452B6 /* [CP] Copy Pods Resources */,
			);
			buildRules = (
			);
			dependencies = (
			);
			name = WebServerTest;
			productName = WebServerTest;
			productReference = 63E7450F1F4D9BE000DFAAFB /* WebServerTest.app */;
			productType = "com.apple.product-type.application";
		};
/* End PBXNativeTarget section */

/* Begin PBXProject section */
		63E745071F4D9BE000DFAAFB /* Project object */ = {
			isa = PBXProject;
			attributes = {
				LastSwiftUpdateCheck = 0900;
				LastUpgradeCheck = 0830;
				ORGANIZATIONNAME = qminder;
				TargetAttributes = {
					6367FEE21F9A23AA003F2D25 = {
						CreatedOnToolsVersion = 9.0;
						DevelopmentTeam = 5V9898P3CM;
						ProvisioningStyle = Automatic;
					};
					63E7450E1F4D9BE000DFAAFB = {
						CreatedOnToolsVersion = 8.3.3;
						DevelopmentTeam = 5V9898P3CM;
						ProvisioningStyle = Automatic;
					};
				};
			};
			buildConfigurationList = 63E7450A1F4D9BE000DFAAFB /* Build configuration list for PBXProject "WebServerTest" */;
			compatibilityVersion = "Xcode 3.2";
			developmentRegion = English;
			hasScannedForEncodings = 0;
			knownRegions = (
				en,
				Base,
			);
			mainGroup = 63E745061F4D9BE000DFAAFB;
			productRefGroup = 63E745101F4D9BE000DFAAFB /* Products */;
			projectDirPath = "";
			projectRoot = "";
			targets = (
				63E7450E1F4D9BE000DFAAFB /* WebServerTest */,
				6367FEE21F9A23AA003F2D25 /* WebServerTestiOS */,
			);
		};
/* End PBXProject section */

/* Begin PBXResourcesBuildPhase section */
		6367FEE11F9A23AA003F2D25 /* Resources */ = {
			isa = PBXResourcesBuildPhase;
			buildActionMask = 2147483647;
			files = (
				6367FEF01F9A23AA003F2D25 /* LaunchScreen.storyboard in Resources */,
				6367FEED1F9A23AA003F2D25 /* Assets.xcassets in Resources */,
				6367FEEB1F9A23AA003F2D25 /* Main.storyboard in Resources */,
			);
			runOnlyForDeploymentPostprocessing = 0;
		};
		63E7450D1F4D9BE000DFAAFB /* Resources */ = {
			isa = PBXResourcesBuildPhase;
			buildActionMask = 2147483647;
			files = (
				63E7451A1F4D9BE000DFAAFB /* Assets.xcassets in Resources */,
				63E745181F4D9BE000DFAAFB /* Main.storyboard in Resources */,
			);
			runOnlyForDeploymentPostprocessing = 0;
		};
/* End PBXResourcesBuildPhase section */

/* Begin PBXShellScriptBuildPhase section */
		0B53BC7B7FD09122C280C3DA /* [CP] Embed Pods Frameworks */ = {
			isa = PBXShellScriptBuildPhase;
			buildActionMask = 2147483647;
			files = (
			);
			inputPaths = (
				"${SRCROOT}/Pods/Target Support Files/Pods-WebServerTestiOS/Pods-WebServerTestiOS-frameworks.sh",
				"${BUILT_PRODUCTS_DIR}/Starscream-iOS/Starscream.framework",
			);
			name = "[CP] Embed Pods Frameworks";
			outputPaths = (
				"${TARGET_BUILD_DIR}/${FRAMEWORKS_FOLDER_PATH}/Starscream.framework",
			);
			runOnlyForDeploymentPostprocessing = 0;
			shellPath = /bin/sh;
			shellScript = "\"${SRCROOT}/Pods/Target Support Files/Pods-WebServerTestiOS/Pods-WebServerTestiOS-frameworks.sh\"\n";
			showEnvVarsInLog = 0;
		};
		142516D307B3916CF31C3755 /* [CP] Check Pods Manifest.lock */ = {
			isa = PBXShellScriptBuildPhase;
			buildActionMask = 2147483647;
			files = (
			);
			inputPaths = (
				"${PODS_PODFILE_DIR_PATH}/Podfile.lock",
				"${PODS_ROOT}/Manifest.lock",
			);
			name = "[CP] Check Pods Manifest.lock";
			outputPaths = (
				"$(DERIVED_FILE_DIR)/Pods-WebServerTest-checkManifestLockResult.txt",
			);
			runOnlyForDeploymentPostprocessing = 0;
			shellPath = /bin/sh;
			shellScript = "diff \"${PODS_PODFILE_DIR_PATH}/Podfile.lock\" \"${PODS_ROOT}/Manifest.lock\" > /dev/null\nif [ $? != 0 ] ; then\n    # print error to STDERR\n    echo \"error: The sandbox is not in sync with the Podfile.lock. Run 'pod install' or update your CocoaPods installation.\" >&2\n    exit 1\nfi\n# This output is used by Xcode 'outputs' to avoid re-running this script phase.\necho \"SUCCESS\" > \"${SCRIPT_OUTPUT_FILE_0}\"\n";
			showEnvVarsInLog = 0;
		};
		26D8B87538C351486E52BF20 /* [CP] Check Pods Manifest.lock */ = {
			isa = PBXShellScriptBuildPhase;
			buildActionMask = 2147483647;
			files = (
			);
			inputPaths = (
				"${PODS_PODFILE_DIR_PATH}/Podfile.lock",
				"${PODS_ROOT}/Manifest.lock",
			);
			name = "[CP] Check Pods Manifest.lock";
			outputPaths = (
				"$(DERIVED_FILE_DIR)/Pods-WebServerTestiOS-checkManifestLockResult.txt",
			);
			runOnlyForDeploymentPostprocessing = 0;
			shellPath = /bin/sh;
			shellScript = "diff \"${PODS_PODFILE_DIR_PATH}/Podfile.lock\" \"${PODS_ROOT}/Manifest.lock\" > /dev/null\nif [ $? != 0 ] ; then\n    # print error to STDERR\n    echo \"error: The sandbox is not in sync with the Podfile.lock. Run 'pod install' or update your CocoaPods installation.\" >&2\n    exit 1\nfi\n# This output is used by Xcode 'outputs' to avoid re-running this script phase.\necho \"SUCCESS\" > \"${SCRIPT_OUTPUT_FILE_0}\"\n";
			showEnvVarsInLog = 0;
		};
		748FB7E8FB6E99DBDD4BAD8F /* [CP] Embed Pods Frameworks */ = {
			isa = PBXShellScriptBuildPhase;
			buildActionMask = 2147483647;
			files = (
			);
			inputPaths = (
				"${SRCROOT}/Pods/Target Support Files/Pods-WebServerTest/Pods-WebServerTest-frameworks.sh",
				"${BUILT_PRODUCTS_DIR}/Starscream-tvOS/Starscream.framework",
			);
			name = "[CP] Embed Pods Frameworks";
			outputPaths = (
				"${TARGET_BUILD_DIR}/${FRAMEWORKS_FOLDER_PATH}/Starscream.framework",
			);
			runOnlyForDeploymentPostprocessing = 0;
			shellPath = /bin/sh;
			shellScript = "\"${SRCROOT}/Pods/Target Support Files/Pods-WebServerTest/Pods-WebServerTest-frameworks.sh\"\n";
			showEnvVarsInLog = 0;
		};
		A1E1CA1950AEC733134D3044 /* [CP] Copy Pods Resources */ = {
			isa = PBXShellScriptBuildPhase;
			buildActionMask = 2147483647;
			files = (
			);
			inputPaths = (
			);
			name = "[CP] Copy Pods Resources";
			outputPaths = (
			);
			runOnlyForDeploymentPostprocessing = 0;
			shellPath = /bin/sh;
			shellScript = "\"${SRCROOT}/Pods/Target Support Files/Pods-WebServerTestiOS/Pods-WebServerTestiOS-resources.sh\"\n";
			showEnvVarsInLog = 0;
		};
		E96A342DD9C98ED3D2D452B6 /* [CP] Copy Pods Resources */ = {
			isa = PBXShellScriptBuildPhase;
			buildActionMask = 2147483647;
			files = (
			);
			inputPaths = (
			);
			name = "[CP] Copy Pods Resources";
			outputPaths = (
			);
			runOnlyForDeploymentPostprocessing = 0;
			shellPath = /bin/sh;
			shellScript = "\"${SRCROOT}/Pods/Target Support Files/Pods-WebServerTest/Pods-WebServerTest-resources.sh\"\n";
			showEnvVarsInLog = 0;
		};
/* End PBXShellScriptBuildPhase section */

/* Begin PBXSourcesBuildPhase section */
		6367FEDF1F9A23AA003F2D25 /* Sources */ = {
			isa = PBXSourcesBuildPhase;
			buildActionMask = 2147483647;
			files = (
				6367FEE81F9A23AA003F2D25 /* ViewController.swift in Sources */,
				6367FEE61F9A23AA003F2D25 /* AppDelegate.swift in Sources */,
			);
			runOnlyForDeploymentPostprocessing = 0;
		};
		63E7450B1F4D9BE000DFAAFB /* Sources */ = {
			isa = PBXSourcesBuildPhase;
			buildActionMask = 2147483647;
			files = (
				63E745151F4D9BE000DFAAFB /* ViewController.swift in Sources */,
				63E745131F4D9BE000DFAAFB /* AppDelegate.swift in Sources */,
			);
			runOnlyForDeploymentPostprocessing = 0;
		};
/* End PBXSourcesBuildPhase section */

/* Begin PBXVariantGroup section */
		6367FEE91F9A23AA003F2D25 /* Main.storyboard */ = {
			isa = PBXVariantGroup;
			children = (
				6367FEEA1F9A23AA003F2D25 /* Base */,
			);
			name = Main.storyboard;
			sourceTree = "<group>";
		};
		6367FEEE1F9A23AA003F2D25 /* LaunchScreen.storyboard */ = {
			isa = PBXVariantGroup;
			children = (
				6367FEEF1F9A23AA003F2D25 /* Base */,
			);
			name = LaunchScreen.storyboard;
			sourceTree = "<group>";
		};
		63E745161F4D9BE000DFAAFB /* Main.storyboard */ = {
			isa = PBXVariantGroup;
			children = (
				63E745171F4D9BE000DFAAFB /* Base */,
			);
			name = Main.storyboard;
			sourceTree = "<group>";
		};
/* End PBXVariantGroup section */

/* Begin XCBuildConfiguration section */
		6367FEF31F9A23AA003F2D25 /* Debug */ = {
			isa = XCBuildConfiguration;
			baseConfigurationReference = 226BF094A0B79684ADBDAA05 /* Pods-WebServerTestiOS.debug.xcconfig */;
			buildSettings = {
				ASSETCATALOG_COMPILER_APPICON_NAME = AppIcon;
				CLANG_CXX_LANGUAGE_STANDARD = "gnu++14";
				CLANG_WARN_BLOCK_CAPTURE_AUTORELEASING = YES;
				CLANG_WARN_COMMA = YES;
				CLANG_WARN_NON_LITERAL_NULL_CONVERSION = YES;
				CLANG_WARN_OBJC_LITERAL_CONVERSION = YES;
				CLANG_WARN_RANGE_LOOP_ANALYSIS = YES;
				CLANG_WARN_STRICT_PROTOTYPES = YES;
				CLANG_WARN_UNGUARDED_AVAILABILITY = YES_AGGRESSIVE;
				CODE_SIGN_IDENTITY = "iPhone Developer";
				CODE_SIGN_STYLE = Automatic;
				DEVELOPMENT_TEAM = 5V9898P3CM;
				GCC_C_LANGUAGE_STANDARD = gnu11;
				INFOPLIST_FILE = WebServerTestiOS/Info.plist;
				IPHONEOS_DEPLOYMENT_TARGET = 11.0;
				LD_RUNPATH_SEARCH_PATHS = "$(inherited) @executable_path/Frameworks";
				PRODUCT_BUNDLE_IDENTIFIER = fassko.WebServerTestiOS;
				PRODUCT_NAME = "$(TARGET_NAME)";
				SDKROOT = iphoneos;
				SWIFT_VERSION = 4.0;
				TARGETED_DEVICE_FAMILY = "1,2";
			};
			name = Debug;
		};
		6367FEF41F9A23AA003F2D25 /* Release */ = {
			isa = XCBuildConfiguration;
			baseConfigurationReference = 33DB2C0A0F6728C8B3CC9530 /* Pods-WebServerTestiOS.release.xcconfig */;
			buildSettings = {
				ASSETCATALOG_COMPILER_APPICON_NAME = AppIcon;
				CLANG_CXX_LANGUAGE_STANDARD = "gnu++14";
				CLANG_WARN_BLOCK_CAPTURE_AUTORELEASING = YES;
				CLANG_WARN_COMMA = YES;
				CLANG_WARN_NON_LITERAL_NULL_CONVERSION = YES;
				CLANG_WARN_OBJC_LITERAL_CONVERSION = YES;
				CLANG_WARN_RANGE_LOOP_ANALYSIS = YES;
				CLANG_WARN_STRICT_PROTOTYPES = YES;
				CLANG_WARN_UNGUARDED_AVAILABILITY = YES_AGGRESSIVE;
				CODE_SIGN_IDENTITY = "iPhone Developer";
				CODE_SIGN_STYLE = Automatic;
				DEVELOPMENT_TEAM = 5V9898P3CM;
				GCC_C_LANGUAGE_STANDARD = gnu11;
				INFOPLIST_FILE = WebServerTestiOS/Info.plist;
				IPHONEOS_DEPLOYMENT_TARGET = 11.0;
				LD_RUNPATH_SEARCH_PATHS = "$(inherited) @executable_path/Frameworks";
				PRODUCT_BUNDLE_IDENTIFIER = fassko.WebServerTestiOS;
				PRODUCT_NAME = "$(TARGET_NAME)";
				SDKROOT = iphoneos;
				SWIFT_VERSION = 4.0;
				TARGETED_DEVICE_FAMILY = "1,2";
			};
			name = Release;
		};
		63E745271F4D9BE000DFAAFB /* Debug */ = {
			isa = XCBuildConfiguration;
			buildSettings = {
				ALWAYS_SEARCH_USER_PATHS = NO;
				CLANG_ANALYZER_NONNULL = YES;
				CLANG_ANALYZER_NUMBER_OBJECT_CONVERSION = YES_AGGRESSIVE;
				CLANG_CXX_LANGUAGE_STANDARD = "gnu++0x";
				CLANG_CXX_LIBRARY = "libc++";
				CLANG_ENABLE_MODULES = YES;
				CLANG_ENABLE_OBJC_ARC = YES;
				CLANG_WARN_BOOL_CONVERSION = YES;
				CLANG_WARN_CONSTANT_CONVERSION = YES;
				CLANG_WARN_DIRECT_OBJC_ISA_USAGE = YES_ERROR;
				CLANG_WARN_DOCUMENTATION_COMMENTS = YES;
				CLANG_WARN_EMPTY_BODY = YES;
				CLANG_WARN_ENUM_CONVERSION = YES;
				CLANG_WARN_INFINITE_RECURSION = YES;
				CLANG_WARN_INT_CONVERSION = YES;
				CLANG_WARN_OBJC_ROOT_CLASS = YES_ERROR;
				CLANG_WARN_SUSPICIOUS_MOVE = YES;
				CLANG_WARN_UNREACHABLE_CODE = YES;
				CLANG_WARN__DUPLICATE_METHOD_MATCH = YES;
				COPY_PHASE_STRIP = NO;
				DEBUG_INFORMATION_FORMAT = dwarf;
				ENABLE_STRICT_OBJC_MSGSEND = YES;
				ENABLE_TESTABILITY = YES;
				GCC_C_LANGUAGE_STANDARD = gnu99;
				GCC_DYNAMIC_NO_PIC = NO;
				GCC_NO_COMMON_BLOCKS = YES;
				GCC_OPTIMIZATION_LEVEL = 0;
				GCC_PREPROCESSOR_DEFINITIONS = (
					"DEBUG=1",
					"$(inherited)",
				);
				GCC_WARN_64_TO_32_BIT_CONVERSION = YES;
				GCC_WARN_ABOUT_RETURN_TYPE = YES_ERROR;
				GCC_WARN_UNDECLARED_SELECTOR = YES;
				GCC_WARN_UNINITIALIZED_AUTOS = YES_AGGRESSIVE;
				GCC_WARN_UNUSED_FUNCTION = YES;
				GCC_WARN_UNUSED_VARIABLE = YES;
				MTL_ENABLE_DEBUG_INFO = YES;
				ONLY_ACTIVE_ARCH = YES;
				SDKROOT = appletvos;
				SWIFT_ACTIVE_COMPILATION_CONDITIONS = DEBUG;
				SWIFT_OPTIMIZATION_LEVEL = "-Onone";
				TARGETED_DEVICE_FAMILY = 3;
				TVOS_DEPLOYMENT_TARGET = 10.2;
			};
			name = Debug;
		};
		63E745281F4D9BE000DFAAFB /* Release */ = {
			isa = XCBuildConfiguration;
			buildSettings = {
				ALWAYS_SEARCH_USER_PATHS = NO;
				CLANG_ANALYZER_NONNULL = YES;
				CLANG_ANALYZER_NUMBER_OBJECT_CONVERSION = YES_AGGRESSIVE;
				CLANG_CXX_LANGUAGE_STANDARD = "gnu++0x";
				CLANG_CXX_LIBRARY = "libc++";
				CLANG_ENABLE_MODULES = YES;
				CLANG_ENABLE_OBJC_ARC = YES;
				CLANG_WARN_BOOL_CONVERSION = YES;
				CLANG_WARN_CONSTANT_CONVERSION = YES;
				CLANG_WARN_DIRECT_OBJC_ISA_USAGE = YES_ERROR;
				CLANG_WARN_DOCUMENTATION_COMMENTS = YES;
				CLANG_WARN_EMPTY_BODY = YES;
				CLANG_WARN_ENUM_CONVERSION = YES;
				CLANG_WARN_INFINITE_RECURSION = YES;
				CLANG_WARN_INT_CONVERSION = YES;
				CLANG_WARN_OBJC_ROOT_CLASS = YES_ERROR;
				CLANG_WARN_SUSPICIOUS_MOVE = YES;
				CLANG_WARN_UNREACHABLE_CODE = YES;
				CLANG_WARN__DUPLICATE_METHOD_MATCH = YES;
				COPY_PHASE_STRIP = NO;
				DEBUG_INFORMATION_FORMAT = "dwarf-with-dsym";
				ENABLE_NS_ASSERTIONS = NO;
				ENABLE_STRICT_OBJC_MSGSEND = YES;
				GCC_C_LANGUAGE_STANDARD = gnu99;
				GCC_NO_COMMON_BLOCKS = YES;
				GCC_WARN_64_TO_32_BIT_CONVERSION = YES;
				GCC_WARN_ABOUT_RETURN_TYPE = YES_ERROR;
				GCC_WARN_UNDECLARED_SELECTOR = YES;
				GCC_WARN_UNINITIALIZED_AUTOS = YES_AGGRESSIVE;
				GCC_WARN_UNUSED_FUNCTION = YES;
				GCC_WARN_UNUSED_VARIABLE = YES;
				MTL_ENABLE_DEBUG_INFO = NO;
				SDKROOT = appletvos;
				SWIFT_OPTIMIZATION_LEVEL = "-Owholemodule";
				TARGETED_DEVICE_FAMILY = 3;
				TVOS_DEPLOYMENT_TARGET = 10.2;
				VALIDATE_PRODUCT = YES;
			};
			name = Release;
		};
		63E7452A1F4D9BE000DFAAFB /* Debug */ = {
			isa = XCBuildConfiguration;
			baseConfigurationReference = 472E011A76D74D20AF854224 /* Pods-WebServerTest.debug.xcconfig */;
			buildSettings = {
				ASSETCATALOG_COMPILER_APPICON_NAME = "App Icon & Top Shelf Image";
				ASSETCATALOG_COMPILER_LAUNCHIMAGE_NAME = LaunchImage;
				DEVELOPMENT_TEAM = 5V9898P3CM;
				INFOPLIST_FILE = WebServerTest/Info.plist;
				LD_RUNPATH_SEARCH_PATHS = "$(inherited) @executable_path/Frameworks";
				PRODUCT_BUNDLE_IDENTIFIER = fassko.WebServerTest;
				PRODUCT_NAME = "$(TARGET_NAME)";
				SWIFT_VERSION = 3.0;
			};
			name = Debug;
		};
		63E7452B1F4D9BE000DFAAFB /* Release */ = {
			isa = XCBuildConfiguration;
			baseConfigurationReference = 20A20CB6AC9A68C692C69576 /* Pods-WebServerTest.release.xcconfig */;
			buildSettings = {
				ASSETCATALOG_COMPILER_APPICON_NAME = "App Icon & Top Shelf Image";
				ASSETCATALOG_COMPILER_LAUNCHIMAGE_NAME = LaunchImage;
				DEVELOPMENT_TEAM = 5V9898P3CM;
				INFOPLIST_FILE = WebServerTest/Info.plist;
				LD_RUNPATH_SEARCH_PATHS = "$(inherited) @executable_path/Frameworks";
				PRODUCT_BUNDLE_IDENTIFIER = fassko.WebServerTest;
				PRODUCT_NAME = "$(TARGET_NAME)";
				SWIFT_VERSION = 3.0;
			};
			name = Release;
		};
/* End XCBuildConfiguration section */

/* Begin XCConfigurationList section */
		6367FEF21F9A23AA003F2D25 /* Build configuration list for PBXNativeTarget "WebServerTestiOS" */ = {
			isa = XCConfigurationList;
			buildConfigurations = (
				6367FEF31F9A23AA003F2D25 /* Debug */,
				6367FEF41F9A23AA003F2D25 /* Release */,
			);
			defaultConfigurationIsVisible = 0;
			defaultConfigurationName = Release;
		};
		63E7450A1F4D9BE000DFAAFB /* Build configuration list for PBXProject "WebServerTest" */ = {
			isa = XCConfigurationList;
			buildConfigurations = (
				63E745271F4D9BE000DFAAFB /* Debug */,
				63E745281F4D9BE000DFAAFB /* Release */,
			);
			defaultConfigurationIsVisible = 0;
			defaultConfigurationName = Release;
		};
		63E745291F4D9BE000DFAAFB /* Build configuration list for PBXNativeTarget "WebServerTest" */ = {
			isa = XCConfigurationList;
			buildConfigurations = (
				63E7452A1F4D9BE000DFAAFB /* Debug */,
				63E7452B1F4D9BE000DFAAFB /* Release */,
			);
			defaultConfigurationIsVisible = 0;
			defaultConfigurationName = Release;
		};
/* End XCConfigurationList section */
	};
	rootObject = 63E745071F4D9BE000DFAAFB /* Project object */;
}
